// !$*UTF8*$!
{
	archiveVersion = 1;
	classes = {
	};
	objectVersion = 50;
	objects = {

/* Begin PBXBuildFile section */
		289B07BE26FE09AB00F9C6A4 /* AppDelegate.swift in Sources */ = {isa = PBXBuildFile; fileRef = 289B07BD26FE09AB00F9C6A4 /* AppDelegate.swift */; };
		289B07C026FE09AB00F9C6A4 /* SceneDelegate.swift in Sources */ = {isa = PBXBuildFile; fileRef = 289B07BF26FE09AB00F9C6A4 /* SceneDelegate.swift */; };
		289B07C726FE09AE00F9C6A4 /* Assets.xcassets in Resources */ = {isa = PBXBuildFile; fileRef = 289B07C626FE09AE00F9C6A4 /* Assets.xcassets */; };
		289B07CA26FE09AE00F9C6A4 /* LaunchScreen.storyboard in Resources */ = {isa = PBXBuildFile; fileRef = 289B07C826FE09AE00F9C6A4 /* LaunchScreen.storyboard */; };
		289B07D426FE0BE300F9C6A4 /* MainVC.swift in Sources */ = {isa = PBXBuildFile; fileRef = 289B07D326FE0BE300F9C6A4 /* MainVC.swift */; };
		289B07D826FE12D000F9C6A4 /* VPButton.swift in Sources */ = {isa = PBXBuildFile; fileRef = 289B07D726FE12D000F9C6A4 /* VPButton.swift */; };
		289B07DA26FE2EF100F9C6A4 /* StockListVC.swift in Sources */ = {isa = PBXBuildFile; fileRef = 289B07D926FE2EF100F9C6A4 /* StockListVC.swift */; };
		289B07DC26FF5E8F00F9C6A4 /* ContainerVC.swift in Sources */ = {isa = PBXBuildFile; fileRef = 289B07DB26FF5E8F00F9C6A4 /* ContainerVC.swift */; };
		289B07DE26FF5EB100F9C6A4 /* MenuVC.swift in Sources */ = {isa = PBXBuildFile; fileRef = 289B07DD26FF5EB100F9C6A4 /* MenuVC.swift */; };
		289B07E026FF71EB00F9C6A4 /* GainersVC.swift in Sources */ = {isa = PBXBuildFile; fileRef = 289B07DF26FF71EB00F9C6A4 /* GainersVC.swift */; };
		289B07E226FF76F400F9C6A4 /* LosersVC.swift in Sources */ = {isa = PBXBuildFile; fileRef = 289B07E126FF76F400F9C6A4 /* LosersVC.swift */; };
		289B07E426FF778F00F9C6A4 /* Volume30VC.swift in Sources */ = {isa = PBXBuildFile; fileRef = 289B07E326FF778F00F9C6A4 /* Volume30VC.swift */; };
		289B07E626FF779E00F9C6A4 /* Volume50VC.swift in Sources */ = {isa = PBXBuildFile; fileRef = 289B07E526FF779E00F9C6A4 /* Volume50VC.swift */; };
		289B07E826FF77B000F9C6A4 /* Volume100VC.swift in Sources */ = {isa = PBXBuildFile; fileRef = 289B07E726FF77B000F9C6A4 /* Volume100VC.swift */; };
/* End PBXBuildFile section */

/* Begin PBXFileReference section */
		289B07BA26FE09AB00F9C6A4 /* VeriPark.app */ = {isa = PBXFileReference; explicitFileType = wrapper.application; includeInIndex = 0; path = VeriPark.app; sourceTree = BUILT_PRODUCTS_DIR; };
		289B07BD26FE09AB00F9C6A4 /* AppDelegate.swift */ = {isa = PBXFileReference; lastKnownFileType = sourcecode.swift; path = AppDelegate.swift; sourceTree = "<group>"; };
		289B07BF26FE09AB00F9C6A4 /* SceneDelegate.swift */ = {isa = PBXFileReference; lastKnownFileType = sourcecode.swift; path = SceneDelegate.swift; sourceTree = "<group>"; };
		289B07C626FE09AE00F9C6A4 /* Assets.xcassets */ = {isa = PBXFileReference; lastKnownFileType = folder.assetcatalog; path = Assets.xcassets; sourceTree = "<group>"; };
		289B07C926FE09AE00F9C6A4 /* Base */ = {isa = PBXFileReference; lastKnownFileType = file.storyboard; name = Base; path = Base.lproj/LaunchScreen.storyboard; sourceTree = "<group>"; };
		289B07CB26FE09AE00F9C6A4 /* Info.plist */ = {isa = PBXFileReference; lastKnownFileType = text.plist.xml; path = Info.plist; sourceTree = "<group>"; };
		289B07D326FE0BE300F9C6A4 /* MainVC.swift */ = {isa = PBXFileReference; lastKnownFileType = sourcecode.swift; path = MainVC.swift; sourceTree = "<group>"; };
		289B07D726FE12D000F9C6A4 /* VPButton.swift */ = {isa = PBXFileReference; lastKnownFileType = sourcecode.swift; path = VPButton.swift; sourceTree = "<group>"; };
		289B07D926FE2EF100F9C6A4 /* StockListVC.swift */ = {isa = PBXFileReference; lastKnownFileType = sourcecode.swift; path = StockListVC.swift; sourceTree = "<group>"; };
		289B07DB26FF5E8F00F9C6A4 /* ContainerVC.swift */ = {isa = PBXFileReference; lastKnownFileType = sourcecode.swift; path = ContainerVC.swift; sourceTree = "<group>"; };
		289B07DD26FF5EB100F9C6A4 /* MenuVC.swift */ = {isa = PBXFileReference; lastKnownFileType = sourcecode.swift; path = MenuVC.swift; sourceTree = "<group>"; };
		289B07DF26FF71EB00F9C6A4 /* GainersVC.swift */ = {isa = PBXFileReference; lastKnownFileType = sourcecode.swift; path = GainersVC.swift; sourceTree = "<group>"; };
		289B07E126FF76F400F9C6A4 /* LosersVC.swift */ = {isa = PBXFileReference; lastKnownFileType = sourcecode.swift; path = LosersVC.swift; sourceTree = "<group>"; };
		289B07E326FF778F00F9C6A4 /* Volume30VC.swift */ = {isa = PBXFileReference; lastKnownFileType = sourcecode.swift; path = Volume30VC.swift; sourceTree = "<group>"; };
		289B07E526FF779E00F9C6A4 /* Volume50VC.swift */ = {isa = PBXFileReference; lastKnownFileType = sourcecode.swift; path = Volume50VC.swift; sourceTree = "<group>"; };
		289B07E726FF77B000F9C6A4 /* Volume100VC.swift */ = {isa = PBXFileReference; lastKnownFileType = sourcecode.swift; path = Volume100VC.swift; sourceTree = "<group>"; };
/* End PBXFileReference section */

/* Begin PBXFrameworksBuildPhase section */
		289B07B726FE09AB00F9C6A4 /* Frameworks */ = {
			isa = PBXFrameworksBuildPhase;
			buildActionMask = 2147483647;
			files = (
			);
			runOnlyForDeploymentPostprocessing = 0;
		};
/* End PBXFrameworksBuildPhase section */

/* Begin PBXGroup section */
		289B07B126FE09AB00F9C6A4 = {
			isa = PBXGroup;
			children = (
				289B07BC26FE09AB00F9C6A4 /* VeriPark */,
				289B07BB26FE09AB00F9C6A4 /* Products */,
			);
			sourceTree = "<group>";
		};
		289B07BB26FE09AB00F9C6A4 /* Products */ = {
			isa = PBXGroup;
			children = (
				289B07BA26FE09AB00F9C6A4 /* VeriPark.app */,
			);
			name = Products;
			sourceTree = "<group>";
		};
		289B07BC26FE09AB00F9C6A4 /* VeriPark */ = {
			isa = PBXGroup;
			children = (
				289B07D526FE129E00F9C6A4 /* Custom Views */,
				289B07D226FE0BB900F9C6A4 /* Screens */,
				289B07D126FE0A1900F9C6A4 /* Support */,
				289B07CB26FE09AE00F9C6A4 /* Info.plist */,
			);
			path = VeriPark;
			sourceTree = "<group>";
		};
		289B07D126FE0A1900F9C6A4 /* Support */ = {
			isa = PBXGroup;
			children = (
				289B07BD26FE09AB00F9C6A4 /* AppDelegate.swift */,
				289B07BF26FE09AB00F9C6A4 /* SceneDelegate.swift */,
				289B07C626FE09AE00F9C6A4 /* Assets.xcassets */,
				289B07C826FE09AE00F9C6A4 /* LaunchScreen.storyboard */,
			);
			path = Support;
			sourceTree = "<group>";
		};
		289B07D226FE0BB900F9C6A4 /* Screens */ = {
			isa = PBXGroup;
			children = (
				289B07D326FE0BE300F9C6A4 /* MainVC.swift */,
				289B07DB26FF5E8F00F9C6A4 /* ContainerVC.swift */,
				289B07DD26FF5EB100F9C6A4 /* MenuVC.swift */,
				289B07D926FE2EF100F9C6A4 /* StockListVC.swift */,
				289B07DF26FF71EB00F9C6A4 /* GainersVC.swift */,
				289B07E126FF76F400F9C6A4 /* LosersVC.swift */,
				289B07E326FF778F00F9C6A4 /* Volume30VC.swift */,
				289B07E526FF779E00F9C6A4 /* Volume50VC.swift */,
				289B07E726FF77B000F9C6A4 /* Volume100VC.swift */,
			);
			path = Screens;
			sourceTree = "<group>";
		};
		289B07D526FE129E00F9C6A4 /* Custom Views */ = {
			isa = PBXGroup;
			children = (
				289B07D626FE12B400F9C6A4 /* Buttons */,
			);
			path = "Custom Views";
			sourceTree = "<group>";
		};
		289B07D626FE12B400F9C6A4 /* Buttons */ = {
			isa = PBXGroup;
			children = (
				289B07D726FE12D000F9C6A4 /* VPButton.swift */,
			);
			path = Buttons;
			sourceTree = "<group>";
		};
/* End PBXGroup section */

/* Begin PBXNativeTarget section */
		289B07B926FE09AB00F9C6A4 /* VeriPark */ = {
			isa = PBXNativeTarget;
			buildConfigurationList = 289B07CE26FE09AE00F9C6A4 /* Build configuration list for PBXNativeTarget "VeriPark" */;
			buildPhases = (
				289B07B626FE09AB00F9C6A4 /* Sources */,
				289B07B726FE09AB00F9C6A4 /* Frameworks */,
				289B07B826FE09AB00F9C6A4 /* Resources */,
			);
			buildRules = (
			);
			dependencies = (
			);
			name = VeriPark;
			productName = VeriPark;
			productReference = 289B07BA26FE09AB00F9C6A4 /* VeriPark.app */;
			productType = "com.apple.product-type.application";
		};
/* End PBXNativeTarget section */

/* Begin PBXProject section */
		289B07B226FE09AB00F9C6A4 /* Project object */ = {
			isa = PBXProject;
			attributes = {
				LastSwiftUpdateCheck = 1250;
				LastUpgradeCheck = 1250;
				TargetAttributes = {
					289B07B926FE09AB00F9C6A4 = {
						CreatedOnToolsVersion = 12.5.1;
					};
				};
			};
			buildConfigurationList = 289B07B526FE09AB00F9C6A4 /* Build configuration list for PBXProject "VeriPark" */;
			compatibilityVersion = "Xcode 9.3";
			developmentRegion = en;
			hasScannedForEncodings = 0;
			knownRegions = (
				en,
				Base,
			);
			mainGroup = 289B07B126FE09AB00F9C6A4;
			productRefGroup = 289B07BB26FE09AB00F9C6A4 /* Products */;
			projectDirPath = "";
			projectRoot = "";
			targets = (
				289B07B926FE09AB00F9C6A4 /* VeriPark */,
			);
		};
/* End PBXProject section */

/* Begin PBXResourcesBuildPhase section */
		289B07B826FE09AB00F9C6A4 /* Resources */ = {
			isa = PBXResourcesBuildPhase;
			buildActionMask = 2147483647;
			files = (
				289B07CA26FE09AE00F9C6A4 /* LaunchScreen.storyboard in Resources */,
				289B07C726FE09AE00F9C6A4 /* Assets.xcassets in Resources */,
			);
			runOnlyForDeploymentPostprocessing = 0;
		};
/* End PBXResourcesBuildPhase section */

/* Begin PBXSourcesBuildPhase section */
		289B07B626FE09AB00F9C6A4 /* Sources */ = {
			isa = PBXSourcesBuildPhase;
			buildActionMask = 2147483647;
			files = (
				289B07DC26FF5E8F00F9C6A4 /* ContainerVC.swift in Sources */,
				289B07DA26FE2EF100F9C6A4 /* StockListVC.swift in Sources */,
				289B07BE26FE09AB00F9C6A4 /* AppDelegate.swift in Sources */,
				289B07DE26FF5EB100F9C6A4 /* MenuVC.swift in Sources */,
				289B07E026FF71EB00F9C6A4 /* GainersVC.swift in Sources */,
				289B07E226FF76F400F9C6A4 /* LosersVC.swift in Sources */,
				289B07E826FF77B000F9C6A4 /* Volume100VC.swift in Sources */,
				289B07D426FE0BE300F9C6A4 /* MainVC.swift in Sources */,
				289B07E626FF779E00F9C6A4 /* Volume50VC.swift in Sources */,
				289B07C026FE09AB00F9C6A4 /* SceneDelegate.swift in Sources */,
				289B07D826FE12D000F9C6A4 /* VPButton.swift in Sources */,
				289B07E426FF778F00F9C6A4 /* Volume30VC.swift in Sources */,
			);
			runOnlyForDeploymentPostprocessing = 0;
		};
/* End PBXSourcesBuildPhase section */

/* Begin PBXVariantGroup section */
		289B07C826FE09AE00F9C6A4 /* LaunchScreen.storyboard */ = {
			isa = PBXVariantGroup;
			children = (
				289B07C926FE09AE00F9C6A4 /* Base */,
			);
			name = LaunchScreen.storyboard;
			sourceTree = "<group>";
		};
/* End PBXVariantGroup section */

/* Begin XCBuildConfiguration section */
		289B07CC26FE09AE00F9C6A4 /* Debug */ = {
			isa = XCBuildConfiguration;
			buildSettings = {
				ALWAYS_SEARCH_USER_PATHS = NO;
				CLANG_ANALYZER_NONNULL = YES;
				CLANG_ANALYZER_NUMBER_OBJECT_CONVERSION = YES_AGGRESSIVE;
				CLANG_CXX_LANGUAGE_STANDARD = "gnu++14";
				CLANG_CXX_LIBRARY = "libc++";
				CLANG_ENABLE_MODULES = YES;
				CLANG_ENABLE_OBJC_ARC = YES;
				CLANG_ENABLE_OBJC_WEAK = YES;
				CLANG_WARN_BLOCK_CAPTURE_AUTORELEASING = YES;
				CLANG_WARN_BOOL_CONVERSION = YES;
				CLANG_WARN_COMMA = YES;
				CLANG_WARN_CONSTANT_CONVERSION = YES;
				CLANG_WARN_DEPRECATED_OBJC_IMPLEMENTATIONS = YES;
				CLANG_WARN_DIRECT_OBJC_ISA_USAGE = YES_ERROR;
				CLANG_WARN_DOCUMENTATION_COMMENTS = YES;
				CLANG_WARN_EMPTY_BODY = YES;
				CLANG_WARN_ENUM_CONVERSION = YES;
				CLANG_WARN_INFINITE_RECURSION = YES;
				CLANG_WARN_INT_CONVERSION = YES;
				CLANG_WARN_NON_LITERAL_NULL_CONVERSION = YES;
				CLANG_WARN_OBJC_IMPLICIT_RETAIN_SELF = YES;
				CLANG_WARN_OBJC_LITERAL_CONVERSION = YES;
				CLANG_WARN_OBJC_ROOT_CLASS = YES_ERROR;
				CLANG_WARN_QUOTED_INCLUDE_IN_FRAMEWORK_HEADER = YES;
				CLANG_WARN_RANGE_LOOP_ANALYSIS = YES;
				CLANG_WARN_STRICT_PROTOTYPES = YES;
				CLANG_WARN_SUSPICIOUS_MOVE = YES;
				CLANG_WARN_UNGUARDED_AVAILABILITY = YES_AGGRESSIVE;
				CLANG_WARN_UNREACHABLE_CODE = YES;
				CLANG_WARN__DUPLICATE_METHOD_MATCH = YES;
				COPY_PHASE_STRIP = NO;
				DEBUG_INFORMATION_FORMAT = dwarf;
				ENABLE_STRICT_OBJC_MSGSEND = YES;
				ENABLE_TESTABILITY = YES;
				GCC_C_LANGUAGE_STANDARD = gnu11;
				GCC_DYNAMIC_NO_PIC = NO;
				GCC_NO_COMMON_BLOCKS = YES;
				GCC_OPTIMIZATION_LEVEL = 0;
				GCC_PREPROCESSOR_DEFINITIONS = (
					"DEBUG=1",
					"$(inherited)",
				);
				GCC_WARN_64_TO_32_BIT_CONVERSION = YES;
				GCC_WARN_ABOUT_RETURN_TYPE = YES_ERROR;
				GCC_WARN_UNDECLARED_SELECTOR = YES;
				GCC_WARN_UNINITIALIZED_AUTOS = YES_AGGRESSIVE;
				GCC_WARN_UNUSED_FUNCTION = YES;
				GCC_WARN_UNUSED_VARIABLE = YES;
				IPHONEOS_DEPLOYMENT_TARGET = 14.5;
				MTL_ENABLE_DEBUG_INFO = INCLUDE_SOURCE;
				MTL_FAST_MATH = YES;
				ONLY_ACTIVE_ARCH = YES;
				SDKROOT = iphoneos;
				SWIFT_ACTIVE_COMPILATION_CONDITIONS = DEBUG;
				SWIFT_OPTIMIZATION_LEVEL = "-Onone";
			};
			name = Debug;
		};
		289B07CD26FE09AE00F9C6A4 /* Release */ = {
			isa = XCBuildConfiguration;
			buildSettings = {
				ALWAYS_SEARCH_USER_PATHS = NO;
				CLANG_ANALYZER_NONNULL = YES;
				CLANG_ANALYZER_NUMBER_OBJECT_CONVERSION = YES_AGGRESSIVE;
				CLANG_CXX_LANGUAGE_STANDARD = "gnu++14";
				CLANG_CXX_LIBRARY = "libc++";
				CLANG_ENABLE_MODULES = YES;
				CLANG_ENABLE_OBJC_ARC = YES;
				CLANG_ENABLE_OBJC_WEAK = YES;
				CLANG_WARN_BLOCK_CAPTURE_AUTORELEASING = YES;
				CLANG_WARN_BOOL_CONVERSION = YES;
				CLANG_WARN_COMMA = YES;
				CLANG_WARN_CONSTANT_CONVERSION = YES;
				CLANG_WARN_DEPRECATED_OBJC_IMPLEMENTATIONS = YES;
				CLANG_WARN_DIRECT_OBJC_ISA_USAGE = YES_ERROR;
				CLANG_WARN_DOCUMENTATION_COMMENTS = YES;
				CLANG_WARN_EMPTY_BODY = YES;
				CLANG_WARN_ENUM_CONVERSION = YES;
				CLANG_WARN_INFINITE_RECURSION = YES;
				CLANG_WARN_INT_CONVERSION = YES;
				CLANG_WARN_NON_LITERAL_NULL_CONVERSION = YES;
				CLANG_WARN_OBJC_IMPLICIT_RETAIN_SELF = YES;
				CLANG_WARN_OBJC_LITERAL_CONVERSION = YES;
				CLANG_WARN_OBJC_ROOT_CLASS = YES_ERROR;
				CLANG_WARN_QUOTED_INCLUDE_IN_FRAMEWORK_HEADER = YES;
				CLANG_WARN_RANGE_LOOP_ANALYSIS = YES;
				CLANG_WARN_STRICT_PROTOTYPES = YES;
				CLANG_WARN_SUSPICIOUS_MOVE = YES;
				CLANG_WARN_UNGUARDED_AVAILABILITY = YES_AGGRESSIVE;
				CLANG_WARN_UNREACHABLE_CODE = YES;
				CLANG_WARN__DUPLICATE_METHOD_MATCH = YES;
				COPY_PHASE_STRIP = NO;
				DEBUG_INFORMATION_FORMAT = "dwarf-with-dsym";
				ENABLE_NS_ASSERTIONS = NO;
				ENABLE_STRICT_OBJC_MSGSEND = YES;
				GCC_C_LANGUAGE_STANDARD = gnu11;
				GCC_NO_COMMON_BLOCKS = YES;
				GCC_WARN_64_TO_32_BIT_CONVERSION = YES;
				GCC_WARN_ABOUT_RETURN_TYPE = YES_ERROR;
				GCC_WARN_UNDECLARED_SELECTOR = YES;
				GCC_WARN_UNINITIALIZED_AUTOS = YES_AGGRESSIVE;
				GCC_WARN_UNUSED_FUNCTION = YES;
				GCC_WARN_UNUSED_VARIABLE = YES;
				IPHONEOS_DEPLOYMENT_TARGET = 14.5;
				MTL_ENABLE_DEBUG_INFO = NO;
				MTL_FAST_MATH = YES;
				SDKROOT = iphoneos;
				SWIFT_COMPILATION_MODE = wholemodule;
				SWIFT_OPTIMIZATION_LEVEL = "-O";
				VALIDATE_PRODUCT = YES;
			};
			name = Release;
		};
		289B07CF26FE09AE00F9C6A4 /* Debug */ = {
			isa = XCBuildConfiguration;
			buildSettings = {
				ASSETCATALOG_COMPILER_APPICON_NAME = AppIcon;
				ASSETCATALOG_COMPILER_GLOBAL_ACCENT_COLOR_NAME = AccentColor;
				CODE_SIGN_STYLE = Automatic;
				DEVELOPMENT_TEAM = 9A358TL45Y;
				INFOPLIST_FILE = VeriPark/Info.plist;
				LD_RUNPATH_SEARCH_PATHS = (
					"$(inherited)",
					"@executable_path/Frameworks",
				);
				PRODUCT_BUNDLE_IDENTIFIER = com.huseynvaliyev.VeriPark;
				PRODUCT_NAME = "$(TARGET_NAME)";
				SWIFT_VERSION = 5.0;
				TARGETED_DEVICE_FAMILY = 1;
			};
			name = Debug;
		};
		289B07D026FE09AE00F9C6A4 /* Release */ = {
			isa = XCBuildConfiguration;
			buildSettings = {
				ASSETCATALOG_COMPILER_APPICON_NAME = AppIcon;
				ASSETCATALOG_COMPILER_GLOBAL_ACCENT_COLOR_NAME = AccentColor;
				CODE_SIGN_STYLE = Automatic;
				DEVELOPMENT_TEAM = 9A358TL45Y;
				INFOPLIST_FILE = VeriPark/Info.plist;
				LD_RUNPATH_SEARCH_PATHS = (
					"$(inherited)",
					"@executable_path/Frameworks",
				);
				PRODUCT_BUNDLE_IDENTIFIER = com.huseynvaliyev.VeriPark;
				PRODUCT_NAME = "$(TARGET_NAME)";
				SWIFT_VERSION = 5.0;
				TARGETED_DEVICE_FAMILY = 1;
			};
			name = Release;
		};
/* End XCBuildConfiguration section */

/* Begin XCConfigurationList section */
		289B07B526FE09AB00F9C6A4 /* Build configuration list for PBXProject "VeriPark" */ = {
			isa = XCConfigurationList;
			buildConfigurations = (
				289B07CC26FE09AE00F9C6A4 /* Debug */,
				289B07CD26FE09AE00F9C6A4 /* Release */,
			);
			defaultConfigurationIsVisible = 0;
			defaultConfigurationName = Release;
		};
		289B07CE26FE09AE00F9C6A4 /* Build configuration list for PBXNativeTarget "VeriPark" */ = {
			isa = XCConfigurationList;
			buildConfigurations = (
				289B07CF26FE09AE00F9C6A4 /* Debug */,
				289B07D026FE09AE00F9C6A4 /* Release */,
			);
			defaultConfigurationIsVisible = 0;
			defaultConfigurationName = Release;
		};
/* End XCConfigurationList section */
	};
	rootObject = 289B07B226FE09AB00F9C6A4 /* Project object */;
}
